
Microsoft Visual Studio Solution File, Format Version 12.00
# Visual Studio Version 17
VisualStudioVersion = 17.12.35527.113
MinimumVisualStudioVersion = 10.0.40219.1
Project("{FAE04EC0-301F-11D3-BF4B-00C04F79EFBC}") = "YMYP4EntityFramework.DatabaseFirstWF", "YMYP4EntityFramework.DatabaseFirstWF\YMYP4EntityFramework.DatabaseFirstWF.csproj", "{968DE45F-5FB8-4A9E-85C6-C78FD0E59F61}"
EndProject
Project("{FAE04EC0-301F-11D3-BF4B-00C04F79EFBC}") = "YMYP4EntityFramwork.CodeFirstWinForm", "YMYP4EntityFramwork.CodeFirstWinForm\YMYP4EntityFramwork.CodeFirstWinForm.csproj", "{A11570C9-5E3F-4CCD-ADCC-0759CF673D8B}"
EndProject
Project("{FAE04EC0-301F-11D3-BF4B-00C04F79EFBC}") = "YMYP4EntityFramework.InheritanceWinForm", "YMYP4EntityFramework.InheritanceWinForm\YMYP4EntityFramework.InheritanceWinForm.csproj", "{AE917628-CD7E-490F-8AA7-5016F1E90FFF}"
EndProject
Global
	GlobalSection(SolutionConfigurationPlatforms) = preSolution
		Debug|Any CPU = Debug|Any CPU
		Release|Any CPU = Release|Any CPU
	EndGlobalSection
	GlobalSection(ProjectConfigurationPlatforms) = postSolution
		{968DE45F-5FB8-4A9E-85C6-C78FD0E59F61}.Debug|Any CPU.ActiveCfg = Debug|Any CPU
		{968DE45F-5FB8-4A9E-85C6-C78FD0E59F61}.Debug|Any CPU.Build.0 = Debug|Any CPU
		{968DE45F-5FB8-4A9E-85C6-C78FD0E59F61}.Release|Any CPU.ActiveCfg = Release|Any CPU
		{968DE45F-5FB8-4A9E-85C6-C78FD0E59F61}.Release|Any CPU.Build.0 = Release|Any CPU
		{A11570C9-5E3F-4CCD-ADCC-0759CF673D8B}.Debug|Any CPU.ActiveCfg = Debug|Any CPU
		{A11570C9-5E3F-4CCD-ADCC-0759CF673D8B}.Debug|Any CPU.Build.0 = Debug|Any CPU
		{A11570C9-5E3F-4CCD-ADCC-0759CF673D8B}.Release|Any CPU.ActiveCfg = Release|Any CPU
		{A11570C9-5E3F-4CCD-ADCC-0759CF673D8B}.Release|Any CPU.Build.0 = Release|Any CPU
		{AE917628-CD7E-490F-8AA7-5016F1E90FFF}.Debug|Any CPU.ActiveCfg = Debug|Any CPU
		{AE917628-CD7E-490F-8AA7-5016F1E90FFF}.Debug|Any CPU.Build.0 = Debug|Any CPU
		{AE917628-CD7E-490F-8AA7-5016F1E90FFF}.Release|Any CPU.ActiveCfg = Release|Any CPU
		{AE917628-CD7E-490F-8AA7-5016F1E90FFF}.Release|Any CPU.Build.0 = Release|Any CPU
	EndGlobalSection
	GlobalSection(SolutionProperties) = preSolution
		HideSolutionNode = FALSE
	EndGlobalSection
EndGlobal
